
Microsoft Visual Studio Solution File, Format Version 12.00
# Visual Studio 15
VisualStudioVersion = 15.0.28307.271
MinimumVisualStudioVersion = 10.0.40219.1
Project("{9A19103F-16F7-4668-BE54-9A1E7A4F7556}") = "BookReview-Category-WebApi", "BookReview-Category-WebApi\BookReview-Category-WebApi.csproj", "{EC2EDDC7-2D7C-45F7-B816-F22C6DFCAB62}"
EndProject
Project("{00D1A9C2-B5F0-4AF3-8072-F6C62B433612}") = "BookReview-Category-Database", "BookReview-Category-Database\BookReview-Category-Database.sqlproj", "{281F7F09-5BFF-431B-8A57-BDC93B651B90}"
EndProject
Global
	GlobalSection(SolutionConfigurationPlatforms) = preSolution
		Debug|Any CPU = Debug|Any CPU
		Release|Any CPU = Release|Any CPU
	EndGlobalSection
	GlobalSection(ProjectConfigurationPlatforms) = postSolution
		{EC2EDDC7-2D7C-45F7-B816-F22C6DFCAB62}.Debug|Any CPU.ActiveCfg = Debug|Any CPU
		{EC2EDDC7-2D7C-45F7-B816-F22C6DFCAB62}.Debug|Any CPU.Build.0 = Debug|Any CPU
		{EC2EDDC7-2D7C-45F7-B816-F22C6DFCAB62}.Release|Any CPU.ActiveCfg = Release|Any CPU
		{EC2EDDC7-2D7C-45F7-B816-F22C6DFCAB62}.Release|Any CPU.Build.0 = Release|Any CPU
		{281F7F09-5BFF-431B-8A57-BDC93B651B90}.Debug|Any CPU.ActiveCfg = Debug|Any CPU
		{281F7F09-5BFF-431B-8A57-BDC93B651B90}.Debug|Any CPU.Build.0 = Debug|Any CPU
		{281F7F09-5BFF-431B-8A57-BDC93B651B90}.Debug|Any CPU.Deploy.0 = Debug|Any CPU
		{281F7F09-5BFF-431B-8A57-BDC93B651B90}.Release|Any CPU.ActiveCfg = Release|Any CPU
		{281F7F09-5BFF-431B-8A57-BDC93B651B90}.Release|Any CPU.Build.0 = Release|Any CPU
		{281F7F09-5BFF-431B-8A57-BDC93B651B90}.Release|Any CPU.Deploy.0 = Release|Any CPU
	EndGlobalSection
	GlobalSection(SolutionProperties) = preSolution
		HideSolutionNode = FALSE
	EndGlobalSection
	GlobalSection(ExtensibilityGlobals) = postSolution
		SolutionGuid = {EE73166F-A263-49E2-AFD2-4DC076574616}
	EndGlobalSection
EndGlobal
